
Microsoft Visual Studio Solution File, Format Version 12.00
# Visual Studio Version 17
VisualStudioVersion = 17.3.32929.385
MinimumVisualStudioVersion = 10.0.40219.1
Project("{FAE04EC0-301F-11D3-BF4B-00C04F79EFBC}") = "ExoApi", "ExoApi\ExoApi.csproj", "{BA5482E2-EFB6-49CE-9CAC-74F9ABBCC8DB}"
EndProject
Global
	GlobalSection(SolutionConfigurationPlatforms) = preSolution
		Debug|Any CPU = Debug|Any CPU
		Release|Any CPU = Release|Any CPU
	EndGlobalSection
	GlobalSection(ProjectConfigurationPlatforms) = postSolution
		{BA5482E2-EFB6-49CE-9CAC-74F9ABBCC8DB}.Debug|Any CPU.ActiveCfg = Debug|Any CPU
		{BA5482E2-EFB6-49CE-9CAC-74F9ABBCC8DB}.Debug|Any CPU.Build.0 = Debug|Any CPU
		{BA5482E2-EFB6-49CE-9CAC-74F9ABBCC8DB}.Release|Any CPU.ActiveCfg = Release|Any CPU
		{BA5482E2-EFB6-49CE-9CAC-74F9ABBCC8DB}.Release|Any CPU.Build.0 = Release|Any CPU
	EndGlobalSection
	GlobalSection(SolutionProperties) = preSolution
		HideSolutionNode = FALSE
	EndGlobalSection
	GlobalSection(ExtensibilityGlobals) = postSolution
		SolutionGuid = {94DCC45F-BFBD-419B-AC64-BA54FB8F7566}
	EndGlobalSection
EndGlobal
